
Microsoft Visual Studio Solution File, Format Version 12.00
# Visual Studio Version 16
VisualStudioVersion = 16.0.31829.152
MinimumVisualStudioVersion = 10.0.40219.1
Project("{FAE04EC0-301F-11D3-BF4B-00C04F79EFBC}") = "SigmaTask12_Shop_Program", "SigmaTask12_Shop_Program.csproj", "{1C90D5B9-9358-47E0-ADD9-8C45D7B139EC}"
EndProject
Global
	GlobalSection(SolutionConfigurationPlatforms) = preSolution
		Debug|Any CPU = Debug|Any CPU
		Release|Any CPU = Release|Any CPU
	EndGlobalSection
	GlobalSection(ProjectConfigurationPlatforms) = postSolution
		{1C90D5B9-9358-47E0-ADD9-8C45D7B139EC}.Debug|Any CPU.ActiveCfg = Debug|Any CPU
		{1C90D5B9-9358-47E0-ADD9-8C45D7B139EC}.Debug|Any CPU.Build.0 = Debug|Any CPU
		{1C90D5B9-9358-47E0-ADD9-8C45D7B139EC}.Release|Any CPU.ActiveCfg = Release|Any CPU
		{1C90D5B9-9358-47E0-ADD9-8C45D7B139EC}.Release|Any CPU.Build.0 = Release|Any CPU
	EndGlobalSection
	GlobalSection(SolutionProperties) = preSolution
		HideSolutionNode = FALSE
	EndGlobalSection
	GlobalSection(ExtensibilityGlobals) = postSolution
		SolutionGuid = {7EC34E0E-C5A7-4F91-9666-C6A6F05E54F2}
	EndGlobalSection
EndGlobal
